# THIS IS AN AUTOGENERATED FILE. DO NOT EDIT THIS FILE DIRECTLY.
# yarn lockfile v1


"@videosdk.live/js-sdk@0.0.42":
  version "0.0.42"
  resolved "https://registry.yarnpkg.com/@videosdk.live/js-sdk/-/js-sdk-0.0.42.tgz#93689139b4a4830a88e91419ae07a643ff7b9a5d"
  integrity sha512-o1OuSBEEzo+8rbQjAwCj/iAvivLvK+8X3lIWq8KwD08FYo5y3NDyYweYf7RgGei28lsdQgcnZbBCNSI+O6EJ1Q==

"@videosdk.live/react-sdk@0.1.43":
  version "0.1.43"
  resolved "https://registry.yarnpkg.com/@videosdk.live/react-sdk/-/react-sdk-0.1.43.tgz#e879dd1f32e76b2603eda0bd54104a64704ec3f1"
  integrity sha512-PcTYa30Bgv6kfDxr/vsbzSl+yxbG2l/R+eSccB7Z+jz+yKR5d1Y0FnpxL8Sq0n2rTwusZEuMaPEvbJP10H2BQQ==
  dependencies:
    "@videosdk.live/js-sdk" "0.0.42"
    events "^3.3.0"

events@^3.3.0:
  version "3.3.0"
  resolved "https://registry.yarnpkg.com/events/-/events-3.3.0.tgz#31a95ad0a924e2d2c419a813aeb2c4e878ea7400"
  integrity sha512-mQw+2fkQbALzQ7V0MY0IqdnXNOeTtP4r0lN9z7AAawCXgqea7bDii20AYrIBrFd/Hx0M2Ocz6S111CaFkUcb0Q==
